
Microsoft Visual Studio Solution File, Format Version 12.00
# Visual Studio Version 17
VisualStudioVersion = 17.8.34511.84
MinimumVisualStudioVersion = 10.0.40219.1
Project("{9A19103F-16F7-4668-BE54-9A1E7A4F7556}") = "WebMVCControllerAPIComboCascadeEF", "WebMVCControllerAPIComboCascadeEF\WebMVCControllerAPIComboCascadeEF.csproj", "{27F08556-7D3C-4717-9D32-DEB3A0ACCB6E}"
EndProject
Project("{FAE04EC0-301F-11D3-BF4B-00C04F79EFBC}") = "CLSerilog", "CLSerilog\CLSerilog.csproj", "{5755C91A-6515-4346-AC24-D62A6FF9E4EB}"
EndProject
Global
	GlobalSection(SolutionConfigurationPlatforms) = preSolution
		Debug|Any CPU = Debug|Any CPU
		Release|Any CPU = Release|Any CPU
	EndGlobalSection
	GlobalSection(ProjectConfigurationPlatforms) = postSolution
		{27F08556-7D3C-4717-9D32-DEB3A0ACCB6E}.Debug|Any CPU.ActiveCfg = Debug|Any CPU
		{27F08556-7D3C-4717-9D32-DEB3A0ACCB6E}.Debug|Any CPU.Build.0 = Debug|Any CPU
		{27F08556-7D3C-4717-9D32-DEB3A0ACCB6E}.Release|Any CPU.ActiveCfg = Release|Any CPU
		{27F08556-7D3C-4717-9D32-DEB3A0ACCB6E}.Release|Any CPU.Build.0 = Release|Any CPU
		{5755C91A-6515-4346-AC24-D62A6FF9E4EB}.Debug|Any CPU.ActiveCfg = Debug|Any CPU
		{5755C91A-6515-4346-AC24-D62A6FF9E4EB}.Debug|Any CPU.Build.0 = Debug|Any CPU
		{5755C91A-6515-4346-AC24-D62A6FF9E4EB}.Release|Any CPU.ActiveCfg = Release|Any CPU
		{5755C91A-6515-4346-AC24-D62A6FF9E4EB}.Release|Any CPU.Build.0 = Release|Any CPU
	EndGlobalSection
	GlobalSection(SolutionProperties) = preSolution
		HideSolutionNode = FALSE
	EndGlobalSection
	GlobalSection(ExtensibilityGlobals) = postSolution
		SolutionGuid = {301EE7B4-7BA4-4C1F-AB43-CF98F19A13C4}
	EndGlobalSection
EndGlobal
